// !$*UTF8*$!
{
	archiveVersion = 1;
	classes = {
	};
	objectVersion = 55;
	objects = {

/* Begin PBXBuildFile section */
		43B77F0C27657EA60018C8E1 /* AppDelegate.swift in Sources */ = {isa = PBXBuildFile; fileRef = 43B77F0B27657EA60018C8E1 /* AppDelegate.swift */; };
		43B77F0E27657EA60018C8E1 /* SceneDelegate.swift in Sources */ = {isa = PBXBuildFile; fileRef = 43B77F0D27657EA60018C8E1 /* SceneDelegate.swift */; };
		43B77F1027657EA60018C8E1 /* IntroViewController.swift in Sources */ = {isa = PBXBuildFile; fileRef = 43B77F0F27657EA60018C8E1 /* IntroViewController.swift */; };
		43B77F1327657EA60018C8E1 /* Main.storyboard in Resources */ = {isa = PBXBuildFile; fileRef = 43B77F1127657EA60018C8E1 /* Main.storyboard */; };
		43B77F1527657EA70018C8E1 /* Assets.xcassets in Resources */ = {isa = PBXBuildFile; fileRef = 43B77F1427657EA70018C8E1 /* Assets.xcassets */; };
		43B77F1827657EA70018C8E1 /* LaunchScreen.storyboard in Resources */ = {isa = PBXBuildFile; fileRef = 43B77F1627657EA70018C8E1 /* LaunchScreen.storyboard */; };
		43B77F222765839B0018C8E1 /* 0.json in Resources */ = {isa = PBXBuildFile; fileRef = 43B77F212765839B0018C8E1 /* 0.json */; };
		43B77F24276583BF0018C8E1 /* 1.json in Resources */ = {isa = PBXBuildFile; fileRef = 43B77F23276583BF0018C8E1 /* 1.json */; };
		43B77F26276583D80018C8E1 /* 2.json in Resources */ = {isa = PBXBuildFile; fileRef = 43B77F25276583D80018C8E1 /* 2.json */; };
		43B77F2C27658B300018C8E1 /* 3.json in Resources */ = {isa = PBXBuildFile; fileRef = 43B77F2B27658B300018C8E1 /* 3.json */; };
		43B77F2E2765BF990018C8E1 /* TopViewController.swift in Sources */ = {isa = PBXBuildFile; fileRef = 43B77F2D2765BF990018C8E1 /* TopViewController.swift */; };
		43B77F322765D1D70018C8E1 /* NewsContentsModel.swift in Sources */ = {isa = PBXBuildFile; fileRef = 43B77F312765D1D70018C8E1 /* NewsContentsModel.swift */; };
		43C812472769D20000209364 /* HeaderContentCell.swift in Sources */ = {isa = PBXBuildFile; fileRef = 43C812452769D20000209364 /* HeaderContentCell.swift */; };
		43C812482769D20000209364 /* HeaderContentCell.xib in Resources */ = {isa = PBXBuildFile; fileRef = 43C812462769D20000209364 /* HeaderContentCell.xib */; };
		43C8124B2769D41B00209364 /* ContentsCell.swift in Sources */ = {isa = PBXBuildFile; fileRef = 43C812492769D41B00209364 /* ContentsCell.swift */; };
		43C8124C2769D41B00209364 /* ContentsCell.xib in Resources */ = {isa = PBXBuildFile; fileRef = 43C8124A2769D41B00209364 /* ContentsCell.xib */; };
		43C8124E2769EAF100209364 /* NewsAnalytics.swift in Sources */ = {isa = PBXBuildFile; fileRef = 43C8124D2769EAF100209364 /* NewsAnalytics.swift */; };
		43C812502769EBFC00209364 /* WebViewController.swift in Sources */ = {isa = PBXBuildFile; fileRef = 43C8124F2769EBFC00209364 /* WebViewController.swift */; };
		9179B2050C9C0B066CCF518A /* Pods_newsAPIApp.framework in Frameworks */ = {isa = PBXBuildFile; fileRef = 2FA75BC39B63C839882D818B /* Pods_newsAPIApp.framework */; };
/* End PBXBuildFile section */

/* Begin PBXFileReference section */
		274D0E011CA7BE05C9C3FD1D /* Pods-newsAPIApp.debug.xcconfig */ = {isa = PBXFileReference; includeInIndex = 1; lastKnownFileType = text.xcconfig; name = "Pods-newsAPIApp.debug.xcconfig"; path = "Target Support Files/Pods-newsAPIApp/Pods-newsAPIApp.debug.xcconfig"; sourceTree = "<group>"; };
		2FA75BC39B63C839882D818B /* Pods_newsAPIApp.framework */ = {isa = PBXFileReference; explicitFileType = wrapper.framework; includeInIndex = 0; path = Pods_newsAPIApp.framework; sourceTree = BUILT_PRODUCTS_DIR; };
		43B77F0827657EA60018C8E1 /* newsAPIApp.app */ = {isa = PBXFileReference; explicitFileType = wrapper.application; includeInIndex = 0; path = newsAPIApp.app; sourceTree = BUILT_PRODUCTS_DIR; };
		43B77F0B27657EA60018C8E1 /* AppDelegate.swift */ = {isa = PBXFileReference; lastKnownFileType = sourcecode.swift; path = AppDelegate.swift; sourceTree = "<group>"; };
		43B77F0D27657EA60018C8E1 /* SceneDelegate.swift */ = {isa = PBXFileReference; lastKnownFileType = sourcecode.swift; path = SceneDelegate.swift; sourceTree = "<group>"; };
		43B77F0F27657EA60018C8E1 /* IntroViewController.swift */ = {isa = PBXFileReference; lastKnownFileType = sourcecode.swift; path = IntroViewController.swift; sourceTree = "<group>"; };
		43B77F1227657EA60018C8E1 /* Base */ = {isa = PBXFileReference; lastKnownFileType = file.storyboard; name = Base; path = Base.lproj/Main.storyboard; sourceTree = "<group>"; };
		43B77F1427657EA70018C8E1 /* Assets.xcassets */ = {isa = PBXFileReference; lastKnownFileType = folder.assetcatalog; path = Assets.xcassets; sourceTree = "<group>"; };
		43B77F1727657EA70018C8E1 /* Base */ = {isa = PBXFileReference; lastKnownFileType = file.storyboard; name = Base; path = Base.lproj/LaunchScreen.storyboard; sourceTree = "<group>"; };
		43B77F1927657EA70018C8E1 /* Info.plist */ = {isa = PBXFileReference; lastKnownFileType = text.plist.xml; path = Info.plist; sourceTree = "<group>"; };
		43B77F212765839B0018C8E1 /* 0.json */ = {isa = PBXFileReference; fileEncoding = 4; lastKnownFileType = text.json; path = 0.json; sourceTree = "<group>"; };
		43B77F23276583BF0018C8E1 /* 1.json */ = {isa = PBXFileReference; fileEncoding = 4; lastKnownFileType = text.json; path = 1.json; sourceTree = "<group>"; };
		43B77F25276583D80018C8E1 /* 2.json */ = {isa = PBXFileReference; fileEncoding = 4; lastKnownFileType = text.json; path = 2.json; sourceTree = "<group>"; };
		43B77F2B27658B300018C8E1 /* 3.json */ = {isa = PBXFileReference; fileEncoding = 4; lastKnownFileType = text.json; name = 3.json; path = ../../../../Downloads/3.json; sourceTree = "<group>"; };
		43B77F2D2765BF990018C8E1 /* TopViewController.swift */ = {isa = PBXFileReference; lastKnownFileType = sourcecode.swift; path = TopViewController.swift; sourceTree = "<group>"; };
		43B77F312765D1D70018C8E1 /* NewsContentsModel.swift */ = {isa = PBXFileReference; lastKnownFileType = sourcecode.swift; path = NewsContentsModel.swift; sourceTree = "<group>"; };
		43C812452769D20000209364 /* HeaderContentCell.swift */ = {isa = PBXFileReference; lastKnownFileType = sourcecode.swift; path = HeaderContentCell.swift; sourceTree = "<group>"; };
		43C812462769D20000209364 /* HeaderContentCell.xib */ = {isa = PBXFileReference; lastKnownFileType = file.xib; path = HeaderContentCell.xib; sourceTree = "<group>"; };
		43C812492769D41B00209364 /* ContentsCell.swift */ = {isa = PBXFileReference; lastKnownFileType = sourcecode.swift; path = ContentsCell.swift; sourceTree = "<group>"; };
		43C8124A2769D41B00209364 /* ContentsCell.xib */ = {isa = PBXFileReference; lastKnownFileType = file.xib; path = ContentsCell.xib; sourceTree = "<group>"; };
		43C8124D2769EAF100209364 /* NewsAnalytics.swift */ = {isa = PBXFileReference; lastKnownFileType = sourcecode.swift; path = NewsAnalytics.swift; sourceTree = "<group>"; };
		43C8124F2769EBFC00209364 /* WebViewController.swift */ = {isa = PBXFileReference; lastKnownFileType = sourcecode.swift; path = WebViewController.swift; sourceTree = "<group>"; };
		FA103DBACDDC9EA86B137DEE /* Pods-newsAPIApp.release.xcconfig */ = {isa = PBXFileReference; includeInIndex = 1; lastKnownFileType = text.xcconfig; name = "Pods-newsAPIApp.release.xcconfig"; path = "Target Support Files/Pods-newsAPIApp/Pods-newsAPIApp.release.xcconfig"; sourceTree = "<group>"; };
/* End PBXFileReference section */

/* Begin PBXFrameworksBuildPhase section */
		43B77F0527657EA60018C8E1 /* Frameworks */ = {
			isa = PBXFrameworksBuildPhase;
			buildActionMask = 2147483647;
			files = (
				9179B2050C9C0B066CCF518A /* Pods_newsAPIApp.framework in Frameworks */,
			);
			runOnlyForDeploymentPostprocessing = 0;
		};
/* End PBXFrameworksBuildPhase section */

/* Begin PBXGroup section */
		43B77EFF27657EA60018C8E1 = {
			isa = PBXGroup;
			children = (
				43B77F0A27657EA60018C8E1 /* newsAPIApp */,
				43B77F0927657EA60018C8E1 /* Products */,
				89165FF7EAB9CDC9921B66A5 /* Pods */,
				6717970EFCFF79D28D1C844E /* Frameworks */,
			);
			sourceTree = "<group>";
		};
		43B77F0927657EA60018C8E1 /* Products */ = {
			isa = PBXGroup;
			children = (
				43B77F0827657EA60018C8E1 /* newsAPIApp.app */,
			);
			name = Products;
			sourceTree = "<group>";
		};
		43B77F0A27657EA60018C8E1 /* newsAPIApp */ = {
			isa = PBXGroup;
			children = (
				43B77F0B27657EA60018C8E1 /* AppDelegate.swift */,
				43B77F0D27657EA60018C8E1 /* SceneDelegate.swift */,
				43B77F302765D1C20018C8E1 /* Model */,
				43B77F20276581530018C8E1 /* Controller */,
				43B77F2F2765C1FC0018C8E1 /* View */,
				43B77F1427657EA70018C8E1 /* Assets.xcassets */,
				43B77F212765839B0018C8E1 /* 0.json */,
				43B77F23276583BF0018C8E1 /* 1.json */,
				43B77F25276583D80018C8E1 /* 2.json */,
				43B77F2B27658B300018C8E1 /* 3.json */,
				43B77F1627657EA70018C8E1 /* LaunchScreen.storyboard */,
				43B77F1927657EA70018C8E1 /* Info.plist */,
			);
			path = newsAPIApp;
			sourceTree = "<group>";
		};
		43B77F20276581530018C8E1 /* Controller */ = {
			isa = PBXGroup;
			children = (
				43B77F0F27657EA60018C8E1 /* IntroViewController.swift */,
				43B77F2D2765BF990018C8E1 /* TopViewController.swift */,
				43C8124F2769EBFC00209364 /* WebViewController.swift */,
			);
			path = Controller;
			sourceTree = "<group>";
		};
		43B77F2F2765C1FC0018C8E1 /* View */ = {
			isa = PBXGroup;
			children = (
				43B77F1127657EA60018C8E1 /* Main.storyboard */,
				43C812452769D20000209364 /* HeaderContentCell.swift */,
				43C812462769D20000209364 /* HeaderContentCell.xib */,
				43C812492769D41B00209364 /* ContentsCell.swift */,
				43C8124A2769D41B00209364 /* ContentsCell.xib */,
			);
			path = View;
			sourceTree = "<group>";
		};
		43B77F302765D1C20018C8E1 /* Model */ = {
			isa = PBXGroup;
			children = (
				43B77F312765D1D70018C8E1 /* NewsContentsModel.swift */,
				43C8124D2769EAF100209364 /* NewsAnalytics.swift */,
			);
			path = Model;
			sourceTree = "<group>";
		};
		6717970EFCFF79D28D1C844E /* Frameworks */ = {
			isa = PBXGroup;
			children = (
				2FA75BC39B63C839882D818B /* Pods_newsAPIApp.framework */,
			);
			name = Frameworks;
			sourceTree = "<group>";
		};
		89165FF7EAB9CDC9921B66A5 /* Pods */ = {
			isa = PBXGroup;
			children = (
				274D0E011CA7BE05C9C3FD1D /* Pods-newsAPIApp.debug.xcconfig */,
				FA103DBACDDC9EA86B137DEE /* Pods-newsAPIApp.release.xcconfig */,
			);
			path = Pods;
			sourceTree = "<group>";
		};
/* End PBXGroup section */

/* Begin PBXNativeTarget section */
		43B77F0727657EA60018C8E1 /* newsAPIApp */ = {
			isa = PBXNativeTarget;
			buildConfigurationList = 43B77F1C27657EA70018C8E1 /* Build configuration list for PBXNativeTarget "newsAPIApp" */;
			buildPhases = (
				52185DA138E555B44532C3E5 /* [CP] Check Pods Manifest.lock */,
				43B77F0427657EA60018C8E1 /* Sources */,
				43B77F0527657EA60018C8E1 /* Frameworks */,
				43B77F0627657EA60018C8E1 /* Resources */,
				70A322AC733B5B34D8B070AB /* [CP] Embed Pods Frameworks */,
			);
			buildRules = (
			);
			dependencies = (
			);
			name = newsAPIApp;
			productName = newsAPIApp;
			productReference = 43B77F0827657EA60018C8E1 /* newsAPIApp.app */;
			productType = "com.apple.product-type.application";
		};
/* End PBXNativeTarget section */

/* Begin PBXProject section */
		43B77F0027657EA60018C8E1 /* Project object */ = {
			isa = PBXProject;
			attributes = {
				BuildIndependentTargetsInParallel = 1;
				LastSwiftUpdateCheck = 1310;
				LastUpgradeCheck = 1310;
				TargetAttributes = {
					43B77F0727657EA60018C8E1 = {
						CreatedOnToolsVersion = 13.1;
					};
				};
			};
			buildConfigurationList = 43B77F0327657EA60018C8E1 /* Build configuration list for PBXProject "newsAPIApp" */;
			compatibilityVersion = "Xcode 13.0";
			developmentRegion = en;
			hasScannedForEncodings = 0;
			knownRegions = (
				en,
				Base,
			);
			mainGroup = 43B77EFF27657EA60018C8E1;
			productRefGroup = 43B77F0927657EA60018C8E1 /* Products */;
			projectDirPath = "";
			projectRoot = "";
			targets = (
				43B77F0727657EA60018C8E1 /* newsAPIApp */,
			);
		};
/* End PBXProject section */

/* Begin PBXResourcesBuildPhase section */
		43B77F0627657EA60018C8E1 /* Resources */ = {
			isa = PBXResourcesBuildPhase;
			buildActionMask = 2147483647;
			files = (
				43B77F1827657EA70018C8E1 /* LaunchScreen.storyboard in Resources */,
				43B77F222765839B0018C8E1 /* 0.json in Resources */,
				43C812482769D20000209364 /* HeaderContentCell.xib in Resources */,
				43B77F2C27658B300018C8E1 /* 3.json in Resources */,
				43B77F24276583BF0018C8E1 /* 1.json in Resources */,
				43B77F1527657EA70018C8E1 /* Assets.xcassets in Resources */,
				43B77F26276583D80018C8E1 /* 2.json in Resources */,
				43B77F1327657EA60018C8E1 /* Main.storyboard in Resources */,
				43C8124C2769D41B00209364 /* ContentsCell.xib in Resources */,
			);
			runOnlyForDeploymentPostprocessing = 0;
		};
/* End PBXResourcesBuildPhase section */

/* Begin PBXShellScriptBuildPhase section */
		52185DA138E555B44532C3E5 /* [CP] Check Pods Manifest.lock */ = {
			isa = PBXShellScriptBuildPhase;
			buildActionMask = 2147483647;
			files = (
			);
			inputFileListPaths = (
			);
			inputPaths = (
				"${PODS_PODFILE_DIR_PATH}/Podfile.lock",
				"${PODS_ROOT}/Manifest.lock",
			);
			name = "[CP] Check Pods Manifest.lock";
			outputFileListPaths = (
			);
			outputPaths = (
				"$(DERIVED_FILE_DIR)/Pods-newsAPIApp-checkManifestLockResult.txt",
			);
			runOnlyForDeploymentPostprocessing = 0;
			shellPath = /bin/sh;
			shellScript = "diff \"${PODS_PODFILE_DIR_PATH}/Podfile.lock\" \"${PODS_ROOT}/Manifest.lock\" > /dev/null\nif [ $? != 0 ] ; then\n    # print error to STDERR\n    echo \"error: The sandbox is not in sync with the Podfile.lock. Run 'pod install' or update your CocoaPods installation.\" >&2\n    exit 1\nfi\n# This output is used by Xcode 'outputs' to avoid re-running this script phase.\necho \"SUCCESS\" > \"${SCRIPT_OUTPUT_FILE_0}\"\n";
			showEnvVarsInLog = 0;
		};
		70A322AC733B5B34D8B070AB /* [CP] Embed Pods Frameworks */ = {
			isa = PBXShellScriptBuildPhase;
			buildActionMask = 2147483647;
			files = (
			);
			inputFileListPaths = (
				"${PODS_ROOT}/Target Support Files/Pods-newsAPIApp/Pods-newsAPIApp-frameworks-${CONFIGURATION}-input-files.xcfilelist",
			);
			name = "[CP] Embed Pods Frameworks";
			outputFileListPaths = (
				"${PODS_ROOT}/Target Support Files/Pods-newsAPIApp/Pods-newsAPIApp-frameworks-${CONFIGURATION}-output-files.xcfilelist",
			);
			runOnlyForDeploymentPostprocessing = 0;
			shellPath = /bin/sh;
			shellScript = "\"${PODS_ROOT}/Target Support Files/Pods-newsAPIApp/Pods-newsAPIApp-frameworks.sh\"\n";
			showEnvVarsInLog = 0;
		};
/* End PBXShellScriptBuildPhase section */

/* Begin PBXSourcesBuildPhase section */
		43B77F0427657EA60018C8E1 /* Sources */ = {
			isa = PBXSourcesBuildPhase;
			buildActionMask = 2147483647;
			files = (
				43B77F322765D1D70018C8E1 /* NewsContentsModel.swift in Sources */,
				43C812502769EBFC00209364 /* WebViewController.swift in Sources */,
				43B77F2E2765BF990018C8E1 /* TopViewController.swift in Sources */,
				43B77F1027657EA60018C8E1 /* IntroViewController.swift in Sources */,
				43C8124E2769EAF100209364 /* NewsAnalytics.swift in Sources */,
				43C8124B2769D41B00209364 /* ContentsCell.swift in Sources */,
				43B77F0C27657EA60018C8E1 /* AppDelegate.swift in Sources */,
				43B77F0E27657EA60018C8E1 /* SceneDelegate.swift in Sources */,
				43C812472769D20000209364 /* HeaderContentCell.swift in Sources */,
			);
			runOnlyForDeploymentPostprocessing = 0;
		};
/* End PBXSourcesBuildPhase section */

/* Begin PBXVariantGroup section */
		43B77F1127657EA60018C8E1 /* Main.storyboard */ = {
			isa = PBXVariantGroup;
			children = (
				43B77F1227657EA60018C8E1 /* Base */,
			);
			name = Main.storyboard;
			sourceTree = "<group>";
		};
		43B77F1627657EA70018C8E1 /* LaunchScreen.storyboard */ = {
			isa = PBXVariantGroup;
			children = (
				43B77F1727657EA70018C8E1 /* Base */,
			);
			name = LaunchScreen.storyboard;
			sourceTree = "<group>";
		};
/* End PBXVariantGroup section */

/* Begin XCBuildConfiguration section */
		43B77F1A27657EA70018C8E1 /* Debug */ = {
			isa = XCBuildConfiguration;
			buildSettings = {
				ALWAYS_SEARCH_USER_PATHS = NO;
				CLANG_ANALYZER_NONNULL = YES;
				CLANG_ANALYZER_NUMBER_OBJECT_CONVERSION = YES_AGGRESSIVE;
				CLANG_CXX_LANGUAGE_STANDARD = "gnu++17";
				CLANG_CXX_LIBRARY = "libc++";
				CLANG_ENABLE_MODULES = YES;
				CLANG_ENABLE_OBJC_ARC = YES;
				CLANG_ENABLE_OBJC_WEAK = YES;
				CLANG_WARN_BLOCK_CAPTURE_AUTORELEASING = YES;
				CLANG_WARN_BOOL_CONVERSION = YES;
				CLANG_WARN_COMMA = YES;
				CLANG_WARN_CONSTANT_CONVERSION = YES;
				CLANG_WARN_DEPRECATED_OBJC_IMPLEMENTATIONS = YES;
				CLANG_WARN_DIRECT_OBJC_ISA_USAGE = YES_ERROR;
				CLANG_WARN_DOCUMENTATION_COMMENTS = YES;
				CLANG_WARN_EMPTY_BODY = YES;
				CLANG_WARN_ENUM_CONVERSION = YES;
				CLANG_WARN_INFINITE_RECURSION = YES;
				CLANG_WARN_INT_CONVERSION = YES;
				CLANG_WARN_NON_LITERAL_NULL_CONVERSION = YES;
				CLANG_WARN_OBJC_IMPLICIT_RETAIN_SELF = YES;
				CLANG_WARN_OBJC_LITERAL_CONVERSION = YES;
				CLANG_WARN_OBJC_ROOT_CLASS = YES_ERROR;
				CLANG_WARN_QUOTED_INCLUDE_IN_FRAMEWORK_HEADER = YES;
				CLANG_WARN_RANGE_LOOP_ANALYSIS = YES;
				CLANG_WARN_STRICT_PROTOTYPES = YES;
				CLANG_WARN_SUSPICIOUS_MOVE = YES;
				CLANG_WARN_UNGUARDED_AVAILABILITY = YES_AGGRESSIVE;
				CLANG_WARN_UNREACHABLE_CODE = YES;
				CLANG_WARN__DUPLICATE_METHOD_MATCH = YES;
				COPY_PHASE_STRIP = NO;
				DEBUG_INFORMATION_FORMAT = dwarf;
				ENABLE_STRICT_OBJC_MSGSEND = YES;
				ENABLE_TESTABILITY = YES;
				GCC_C_LANGUAGE_STANDARD = gnu11;
				GCC_DYNAMIC_NO_PIC = NO;
				GCC_NO_COMMON_BLOCKS = YES;
				GCC_OPTIMIZATION_LEVEL = 0;
				GCC_PREPROCESSOR_DEFINITIONS = (
					"DEBUG=1",
					"$(inherited)",
				);
				GCC_WARN_64_TO_32_BIT_CONVERSION = YES;
				GCC_WARN_ABOUT_RETURN_TYPE = YES_ERROR;
				GCC_WARN_UNDECLARED_SELECTOR = YES;
				GCC_WARN_UNINITIALIZED_AUTOS = YES_AGGRESSIVE;
				GCC_WARN_UNUSED_FUNCTION = YES;
				GCC_WARN_UNUSED_VARIABLE = YES;
				IPHONEOS_DEPLOYMENT_TARGET = 15.0;
				MTL_ENABLE_DEBUG_INFO = INCLUDE_SOURCE;
				MTL_FAST_MATH = YES;
				ONLY_ACTIVE_ARCH = YES;
				SDKROOT = iphoneos;
				SWIFT_ACTIVE_COMPILATION_CONDITIONS = DEBUG;
				SWIFT_OPTIMIZATION_LEVEL = "-Onone";
			};
			name = Debug;
		};
		43B77F1B27657EA70018C8E1 /* Release */ = {
			isa = XCBuildConfiguration;
			buildSettings = {
				ALWAYS_SEARCH_USER_PATHS = NO;
				CLANG_ANALYZER_NONNULL = YES;
				CLANG_ANALYZER_NUMBER_OBJECT_CONVERSION = YES_AGGRESSIVE;
				CLANG_CXX_LANGUAGE_STANDARD = "gnu++17";
				CLANG_CXX_LIBRARY = "libc++";
				CLANG_ENABLE_MODULES = YES;
				CLANG_ENABLE_OBJC_ARC = YES;
				CLANG_ENABLE_OBJC_WEAK = YES;
				CLANG_WARN_BLOCK_CAPTURE_AUTORELEASING = YES;
				CLANG_WARN_BOOL_CONVERSION = YES;
				CLANG_WARN_COMMA = YES;
				CLANG_WARN_CONSTANT_CONVERSION = YES;
				CLANG_WARN_DEPRECATED_OBJC_IMPLEMENTATIONS = YES;
				CLANG_WARN_DIRECT_OBJC_ISA_USAGE = YES_ERROR;
				CLANG_WARN_DOCUMENTATION_COMMENTS = YES;
				CLANG_WARN_EMPTY_BODY = YES;
				CLANG_WARN_ENUM_CONVERSION = YES;
				CLANG_WARN_INFINITE_RECURSION = YES;
				CLANG_WARN_INT_CONVERSION = YES;
				CLANG_WARN_NON_LITERAL_NULL_CONVERSION = YES;
				CLANG_WARN_OBJC_IMPLICIT_RETAIN_SELF = YES;
				CLANG_WARN_OBJC_LITERAL_CONVERSION = YES;
				CLANG_WARN_OBJC_ROOT_CLASS = YES_ERROR;
				CLANG_WARN_QUOTED_INCLUDE_IN_FRAMEWORK_HEADER = YES;
				CLANG_WARN_RANGE_LOOP_ANALYSIS = YES;
				CLANG_WARN_STRICT_PROTOTYPES = YES;
				CLANG_WARN_SUSPICIOUS_MOVE = YES;
				CLANG_WARN_UNGUARDED_AVAILABILITY = YES_AGGRESSIVE;
				CLANG_WARN_UNREACHABLE_CODE = YES;
				CLANG_WARN__DUPLICATE_METHOD_MATCH = YES;
				COPY_PHASE_STRIP = NO;
				DEBUG_INFORMATION_FORMAT = "dwarf-with-dsym";
				ENABLE_NS_ASSERTIONS = NO;
				ENABLE_STRICT_OBJC_MSGSEND = YES;
				GCC_C_LANGUAGE_STANDARD = gnu11;
				GCC_NO_COMMON_BLOCKS = YES;
				GCC_WARN_64_TO_32_BIT_CONVERSION = YES;
				GCC_WARN_ABOUT_RETURN_TYPE = YES_ERROR;
				GCC_WARN_UNDECLARED_SELECTOR = YES;
				GCC_WARN_UNINITIALIZED_AUTOS = YES_AGGRESSIVE;
				GCC_WARN_UNUSED_FUNCTION = YES;
				GCC_WARN_UNUSED_VARIABLE = YES;
				IPHONEOS_DEPLOYMENT_TARGET = 15.0;
				MTL_ENABLE_DEBUG_INFO = NO;
				MTL_FAST_MATH = YES;
				SDKROOT = iphoneos;
				SWIFT_COMPILATION_MODE = wholemodule;
				SWIFT_OPTIMIZATION_LEVEL = "-O";
				VALIDATE_PRODUCT = YES;
			};
			name = Release;
		};
		43B77F1D27657EA70018C8E1 /* Debug */ = {
			isa = XCBuildConfiguration;
			baseConfigurationReference = 274D0E011CA7BE05C9C3FD1D /* Pods-newsAPIApp.debug.xcconfig */;
			buildSettings = {
				ASSETCATALOG_COMPILER_APPICON_NAME = AppIcon;
				ASSETCATALOG_COMPILER_GLOBAL_ACCENT_COLOR_NAME = AccentColor;
				CODE_SIGN_STYLE = Automatic;
				CURRENT_PROJECT_VERSION = 1;
				DEVELOPMENT_TEAM = NQDJ8Y62H2;
				GENERATE_INFOPLIST_FILE = YES;
				INFOPLIST_FILE = newsAPIApp/Info.plist;
				INFOPLIST_KEY_UIApplicationSupportsIndirectInputEvents = YES;
				INFOPLIST_KEY_UILaunchStoryboardName = LaunchScreen;
				INFOPLIST_KEY_UIMainStoryboardFile = Main;
				INFOPLIST_KEY_UISupportedInterfaceOrientations = UIInterfaceOrientationPortrait;
				INFOPLIST_KEY_UISupportedInterfaceOrientations_iPad = "UIInterfaceOrientationPortrait UIInterfaceOrientationPortraitUpsideDown UIInterfaceOrientationLandscapeLeft UIInterfaceOrientationLandscapeRight";
				INFOPLIST_KEY_UISupportedInterfaceOrientations_iPhone = "UIInterfaceOrientationPortrait UIInterfaceOrientationLandscapeLeft UIInterfaceOrientationLandscapeRight";
				LD_RUNPATH_SEARCH_PATHS = (
					"$(inherited)",
					"@executable_path/Frameworks",
				);
				MARKETING_VERSION = 1.0;
				PRODUCT_BUNDLE_IDENTIFIER = com.satoyu.newsAPIApp;
				PRODUCT_NAME = "$(TARGET_NAME)";
				SWIFT_EMIT_LOC_STRINGS = YES;
				SWIFT_VERSION = 5.0;
				TARGETED_DEVICE_FAMILY = 1;
			};
			name = Debug;
		};
		43B77F1E27657EA70018C8E1 /* Release */ = {
			isa = XCBuildConfiguration;
			baseConfigurationReference = FA103DBACDDC9EA86B137DEE /* Pods-newsAPIApp.release.xcconfig */;
			buildSettings = {
				ASSETCATALOG_COMPILER_APPICON_NAME = AppIcon;
				ASSETCATALOG_COMPILER_GLOBAL_ACCENT_COLOR_NAME = AccentColor;
				CODE_SIGN_STYLE = Automatic;
				CURRENT_PROJECT_VERSION = 1;
				DEVELOPMENT_TEAM = NQDJ8Y62H2;
				GENERATE_INFOPLIST_FILE = YES;
				INFOPLIST_FILE = newsAPIApp/Info.plist;
				INFOPLIST_KEY_UIApplicationSupportsIndirectInputEvents = YES;
				INFOPLIST_KEY_UILaunchStoryboardName = LaunchScreen;
				INFOPLIST_KEY_UIMainStoryboardFile = Main;
				INFOPLIST_KEY_UISupportedInterfaceOrientations = UIInterfaceOrientationPortrait;
				INFOPLIST_KEY_UISupportedInterfaceOrientations_iPad = "UIInterfaceOrientationPortrait UIInterfaceOrientationPortraitUpsideDown UIInterfaceOrientationLandscapeLeft UIInterfaceOrientationLandscapeRight";
				INFOPLIST_KEY_UISupportedInterfaceOrientations_iPhone = "UIInterfaceOrientationPortrait UIInterfaceOrientationLandscapeLeft UIInterfaceOrientationLandscapeRight";
				LD_RUNPATH_SEARCH_PATHS = (
					"$(inherited)",
					"@executable_path/Frameworks",
				);
				MARKETING_VERSION = 1.0;
				PRODUCT_BUNDLE_IDENTIFIER = com.satoyu.newsAPIApp;
				PRODUCT_NAME = "$(TARGET_NAME)";
				SWIFT_EMIT_LOC_STRINGS = YES;
				SWIFT_VERSION = 5.0;
				TARGETED_DEVICE_FAMILY = 1;
			};
			name = Release;
		};
/* End XCBuildConfiguration section */

/* Begin XCConfigurationList section */
		43B77F0327657EA60018C8E1 /* Build configuration list for PBXProject "newsAPIApp" */ = {
			isa = XCConfigurationList;
			buildConfigurations = (
				43B77F1A27657EA70018C8E1 /* Debug */,
				43B77F1B27657EA70018C8E1 /* Release */,
			);
			defaultConfigurationIsVisible = 0;
			defaultConfigurationName = Release;
		};
		43B77F1C27657EA70018C8E1 /* Build configuration list for PBXNativeTarget "newsAPIApp" */ = {
			isa = XCConfigurationList;
			buildConfigurations = (
				43B77F1D27657EA70018C8E1 /* Debug */,
				43B77F1E27657EA70018C8E1 /* Release */,
			);
			defaultConfigurationIsVisible = 0;
			defaultConfigurationName = Release;
		};
/* End XCConfigurationList section */
	};
	rootObject = 43B77F0027657EA60018C8E1 /* Project object */;
}
